
Microsoft Visual Studio Solution File, Format Version 12.00
# Visual Studio Version 16
VisualStudioVersion = 16.0.29306.81
MinimumVisualStudioVersion = 10.0.40219.1
Project("{FAE04EC0-301F-11D3-BF4B-00C04F79EFBC}") = "RPSLS_Web_App", "RPSLS_Web_App.csproj", "{B7AB04C7-4089-40B4-AED4-00D6444521ED}"
EndProject
Global
	GlobalSection(SolutionConfigurationPlatforms) = preSolution
		Debug|Any CPU = Debug|Any CPU
		Release|Any CPU = Release|Any CPU
	EndGlobalSection
	GlobalSection(ProjectConfigurationPlatforms) = postSolution
		{B7AB04C7-4089-40B4-AED4-00D6444521ED}.Debug|Any CPU.ActiveCfg = Debug|Any CPU
		{B7AB04C7-4089-40B4-AED4-00D6444521ED}.Debug|Any CPU.Build.0 = Debug|Any CPU
		{B7AB04C7-4089-40B4-AED4-00D6444521ED}.Release|Any CPU.ActiveCfg = Release|Any CPU
		{B7AB04C7-4089-40B4-AED4-00D6444521ED}.Release|Any CPU.Build.0 = Release|Any CPU
	EndGlobalSection
	GlobalSection(SolutionProperties) = preSolution
		HideSolutionNode = FALSE
	EndGlobalSection
	GlobalSection(ExtensibilityGlobals) = postSolution
		SolutionGuid = {0EAF153B-9CB3-4433-87E2-DCB4CA0448F9}
	EndGlobalSection
EndGlobal
